<?xml version="1.0" encoding="UTF-8"?>
<Scheme
   LastUpgradeVersion = "2640"
   version = "1.7">
   <BuildAction
      parallelizeBuildables = "YES"
      buildImplicitDependencies = "YES"
      buildArchitectures = "Automatic">
      <BuildActionEntries>
         <BuildActionEntry
            buildForTesting = "YES"
            buildForRunning = "YES"
            buildForProfiling = "YES"
            buildForArchiving = "YES"
            buildForAnalyzing = "YES">
            <BuildableReference
               BuildableIdentifier = "primary"
               BlueprintIdentifier = "473B041B2F9AB1AA00C482FA"
               BuildableName = "Lummi.app"
               BlueprintName = "Lummi"
               ReferencedContainer = "container:Lummi.xcodeproj">
            </BuildableReference>
         </BuildActionEntry>
      </BuildActionEntries>
   </BuildAction>
   <TestAction
      buildConfiguration = "Debug"
      selectedDebuggerIdentifier = "Xcode.DebuggerFoundation.Debugger.LLDB"
      selectedLauncherIdentifier = "Xcode.DebuggerFoundation.Launcher.LLDB"
      shouldUseLaunchSchemeArgsEnv = "YES"
      shouldAutocreateTestPlan = "YES">
      <Testables>
         <TestableReference
            skipped = "NO"
            parallelizable = "YES">
            <BuildableReference
               BuildableIdentifier = "primary"
               BlueprintIdentifier = "473B04282F9AB1AC00C482FA"
               BuildableName = "LummiTests.xctest"
               BlueprintName = "LummiTests"
               ReferencedContainer = "container:Lummi.xcodeproj">
            </BuildableReference>
         </TestableReference>
         <TestableReference
            skipped = "NO"
            parallelizable = "YES">
            <BuildableReference
               BuildableIdentifier = "primary"
               BlueprintIdentifier = "473B04322F9AB1AC00C482FA"
               BuildableName = "LummiUITests.xctest"
               BlueprintName = "LummiUITests"
               ReferencedContainer = "container:Lummi.xcodeproj">
            </BuildableReference>
         </TestableReference>
      </Testables>
   </TestAction>
   <LaunchAction
      buildConfiguration = "Debug"
      selectedDebuggerIdentifier = "Xcode.DebuggerFoundation.Debugger.LLDB"
      selectedLauncherIdentifier = "Xcode.DebuggerFoundation.Launcher.LLDB"
      launchStyle = "0"
      useCustomWorkingDirectory = "NO"
      ignoresPersistentStateOnLaunch = "NO"
      debugDocumentVersioning = "YES"
      debugServiceExtension = "internal"
      allowLocationSimulation = "YES"
      queueDebuggingEnableBacktraceRecording = "Yes">
      <BuildableProductRunnable
         runnableDebuggingMode = "0">
         <BuildableReference
            BuildableIdentifier = "primary"
            BlueprintIdentifier = "473B041B2F9AB1AA00C482FA"
            BuildableName = "Lummi.app"
            BlueprintName = "Lummi"
            ReferencedContainer = "container:Lummi.xcodeproj">
         </BuildableReference>
      </BuildableProductRunnable>
      <CommandLineArguments>
         <CommandLineArgument
            argument = "-UI_TESTING_CALENDAR"
            isEnabled = "NO">
         </CommandLineArgument>
         <CommandLineArgument
            argument = "-UI_TESTING_4_DAYS_FILLED"
            isEnabled = "NO">
         </CommandLineArgument>
         <CommandLineArgument
            argument = "-UI_TESTING_PAST_MONTH_MANY_JOYS"
            isEnabled = "NO">
         </CommandLineArgument>
         <CommandLineArgument
            argument = "-UI_TESTING_PAST_MONTHS_AVAILABLE"
            isEnabled = "NO">
         </CommandLineArgument>
         <CommandLineArgument
            argument = "-UI_TESTING_10_RECORDS"
            isEnabled = "NO">
         </CommandLineArgument>
         <CommandLineArgument
            argument = "-UI_TESTING_PAST_MONTH_ONE_JOY"
            isEnabled = "NO">
         </CommandLineArgument>
      </CommandLineArguments>
   </LaunchAction>
   <ProfileAction
      buildConfiguration = "Release"
      shouldUseLaunchSchemeArgsEnv = "YES"
      savedToolIdentifier = ""
      useCustomWorkingDirectory = "NO"
      debugDocumentVersioning = "YES">
      <BuildableProductRunnable
         runnableDebuggingMode = "0">
         <BuildableReference
            BuildableIdentifier = "primary"
            BlueprintIdentifier = "473B041B2F9AB1AA00C482FA"
            BuildableName = "Lummi.app"
            BlueprintName = "Lummi"
            ReferencedContainer = "container:Lummi.xcodeproj">
         </BuildableReference>
      </BuildableProductRunnable>
   </ProfileAction>
   <AnalyzeAction
      buildConfiguration = "Debug">
   </AnalyzeAction>
   <ArchiveAction
      buildConfiguration = "Release"
      revealArchiveInOrganizer = "YES">
   </ArchiveAction>
</Scheme>
